{
  "nodes": {
    "nixpkgs": {
      "locked": {
        "lastModified": 1599945705,
        "narHash": "sha256-8haWF6ZNMd5b5vxqWuXKMYMlyrCDAj0Zk3gxBfLnois=",
        "owner": "NixOS",
        "repo": "nixpkgs",
        "rev": "cba76f9ee6f982c34b147e0d1da3ed994f17c295",
        "type": "github"
      },
      "original": {
        "id": "nixpkgs",
        "type": "indirect"
      }
    },
    "root": {
      "inputs": {
        "nixpkgs": "nixpkgs"
      }
    }
  },
  "root": "root",
  "version": 7
}
